
Microsoft Visual Studio Solution File, Format Version 12.00
# Visual Studio Version 17
VisualStudioVersion = 17.12.35514.174
MinimumVisualStudioVersion = 10.0.40219.1
Project("{FAE04EC0-301F-11D3-BF4B-00C04F79EFBC}") = "Day-01", "Day-01\Day-01.csproj", "{45139E4A-D8A0-483E-BC79-B7431A6BFF95}"
EndProject
Project("{FAE04EC0-301F-11D3-BF4B-00C04F79EFBC}") = "Day-02", "Day-02\Day-02.csproj", "{9FF8CDDA-0B32-4BA8-AD27-036850107BCF}"
EndProject
Global
	GlobalSection(SolutionConfigurationPlatforms) = preSolution
		Debug|Any CPU = Debug|Any CPU
		Release|Any CPU = Release|Any CPU
	EndGlobalSection
	GlobalSection(ProjectConfigurationPlatforms) = postSolution
		{45139E4A-D8A0-483E-BC79-B7431A6BFF95}.Debug|Any CPU.ActiveCfg = Debug|Any CPU
		{45139E4A-D8A0-483E-BC79-B7431A6BFF95}.Debug|Any CPU.Build.0 = Debug|Any CPU
		{45139E4A-D8A0-483E-BC79-B7431A6BFF95}.Release|Any CPU.ActiveCfg = Release|Any CPU
		{45139E4A-D8A0-483E-BC79-B7431A6BFF95}.Release|Any CPU.Build.0 = Release|Any CPU
		{9FF8CDDA-0B32-4BA8-AD27-036850107BCF}.Debug|Any CPU.ActiveCfg = Debug|Any CPU
		{9FF8CDDA-0B32-4BA8-AD27-036850107BCF}.Debug|Any CPU.Build.0 = Debug|Any CPU
		{9FF8CDDA-0B32-4BA8-AD27-036850107BCF}.Release|Any CPU.ActiveCfg = Release|Any CPU
		{9FF8CDDA-0B32-4BA8-AD27-036850107BCF}.Release|Any CPU.Build.0 = Release|Any CPU
	EndGlobalSection
	GlobalSection(SolutionProperties) = preSolution
		HideSolutionNode = FALSE
	EndGlobalSection
EndGlobal
