
Microsoft Visual Studio Solution File, Format Version 12.00
# Visual Studio Version 17
VisualStudioVersion = 17.12.35514.174
MinimumVisualStudioVersion = 10.0.40219.1
Project("{FAE04EC0-301F-11D3-BF4B-00C04F79EFBC}") = "Day-01", "Day-01\Day-01.csproj", "{45139E4A-D8A0-483E-BC79-B7431A6BFF95}"
EndProject
Project("{FAE04EC0-301F-11D3-BF4B-00C04F79EFBC}") = "Day-02", "Day-02\Day-02.csproj", "{9FF8CDDA-0B32-4BA8-AD27-036850107BCF}"
EndProject
Project("{FAE04EC0-301F-11D3-BF4B-00C04F79EFBC}") = "Day-03", "Day-03\Day-03.csproj", "{1C23028F-0377-49EF-AA3C-7FBDA037117A}"
EndProject
Project("{FAE04EC0-301F-11D3-BF4B-00C04F79EFBC}") = "Day-04", "Day-04\Day-04.csproj", "{B0AF249D-F33A-4D2F-B965-F3BAF88CD935}"
EndProject
Project("{FAE04EC0-301F-11D3-BF4B-00C04F79EFBC}") = "Day-05", "Day-05\Day-05.csproj", "{926D9813-3FC5-4AFD-BC76-0824270C9A93}"
EndProject
Project("{FAE04EC0-301F-11D3-BF4B-00C04F79EFBC}") = "Day-06", "Day-06\Day-06.csproj", "{5B6301F6-BAAA-4FA2-908A-0991559BED5D}"
EndProject
Global
	GlobalSection(SolutionConfigurationPlatforms) = preSolution
		Debug|Any CPU = Debug|Any CPU
		Release|Any CPU = Release|Any CPU
	EndGlobalSection
	GlobalSection(ProjectConfigurationPlatforms) = postSolution
		{45139E4A-D8A0-483E-BC79-B7431A6BFF95}.Debug|Any CPU.ActiveCfg = Debug|Any CPU
		{45139E4A-D8A0-483E-BC79-B7431A6BFF95}.Debug|Any CPU.Build.0 = Debug|Any CPU
		{45139E4A-D8A0-483E-BC79-B7431A6BFF95}.Release|Any CPU.ActiveCfg = Release|Any CPU
		{45139E4A-D8A0-483E-BC79-B7431A6BFF95}.Release|Any CPU.Build.0 = Release|Any CPU
		{9FF8CDDA-0B32-4BA8-AD27-036850107BCF}.Debug|Any CPU.ActiveCfg = Debug|Any CPU
		{9FF8CDDA-0B32-4BA8-AD27-036850107BCF}.Debug|Any CPU.Build.0 = Debug|Any CPU
		{9FF8CDDA-0B32-4BA8-AD27-036850107BCF}.Release|Any CPU.ActiveCfg = Release|Any CPU
		{9FF8CDDA-0B32-4BA8-AD27-036850107BCF}.Release|Any CPU.Build.0 = Release|Any CPU
		{1C23028F-0377-49EF-AA3C-7FBDA037117A}.Debug|Any CPU.ActiveCfg = Debug|Any CPU
		{1C23028F-0377-49EF-AA3C-7FBDA037117A}.Debug|Any CPU.Build.0 = Debug|Any CPU
		{1C23028F-0377-49EF-AA3C-7FBDA037117A}.Release|Any CPU.ActiveCfg = Release|Any CPU
		{1C23028F-0377-49EF-AA3C-7FBDA037117A}.Release|Any CPU.Build.0 = Release|Any CPU
		{B0AF249D-F33A-4D2F-B965-F3BAF88CD935}.Debug|Any CPU.ActiveCfg = Debug|Any CPU
		{B0AF249D-F33A-4D2F-B965-F3BAF88CD935}.Debug|Any CPU.Build.0 = Debug|Any CPU
		{B0AF249D-F33A-4D2F-B965-F3BAF88CD935}.Release|Any CPU.ActiveCfg = Release|Any CPU
		{B0AF249D-F33A-4D2F-B965-F3BAF88CD935}.Release|Any CPU.Build.0 = Release|Any CPU
		{926D9813-3FC5-4AFD-BC76-0824270C9A93}.Debug|Any CPU.ActiveCfg = Debug|Any CPU
		{926D9813-3FC5-4AFD-BC76-0824270C9A93}.Debug|Any CPU.Build.0 = Debug|Any CPU
		{926D9813-3FC5-4AFD-BC76-0824270C9A93}.Release|Any CPU.ActiveCfg = Release|Any CPU
		{926D9813-3FC5-4AFD-BC76-0824270C9A93}.Release|Any CPU.Build.0 = Release|Any CPU
		{5B6301F6-BAAA-4FA2-908A-0991559BED5D}.Debug|Any CPU.ActiveCfg = Debug|Any CPU
		{5B6301F6-BAAA-4FA2-908A-0991559BED5D}.Debug|Any CPU.Build.0 = Debug|Any CPU
		{5B6301F6-BAAA-4FA2-908A-0991559BED5D}.Release|Any CPU.ActiveCfg = Release|Any CPU
		{5B6301F6-BAAA-4FA2-908A-0991559BED5D}.Release|Any CPU.Build.0 = Release|Any CPU
	EndGlobalSection
	GlobalSection(SolutionProperties) = preSolution
		HideSolutionNode = FALSE
	EndGlobalSection
EndGlobal
